{
  "requires": true,
  "lockfileVersion": 1,
  "dependencies": {
    "dateformat": {
      "version": "5.0.2",
      "resolved": "https://registry.npmjs.org/dateformat/-/dateformat-5.0.2.tgz",
      "integrity": "sha512-h9vywpuz+ReixnJTwFx5JLtZpS8eLCbRm8shwwKkCKOZA547N6yoMtD3W91Z6+NFZ8wOaZlcaCcK/w+kELhSVg=="
    }
  }
}
